# This file is automatically @generated by Wally.
# It is not intended for manual editing.
registry = "test"

[[package]]
name = "brittonfischer/profileservice"
version = "2.1.5"
dependencies = []

[[package]]
name = "ddust1n/goodsignal"
version = "0.3.2"
dependencies = []

[[package]]
name = "rohi0086/your-project-name"
version = "0.1.0"
dependencies = [["goodsignal", "ddust1n/goodsignal@0.3.2"], ["profileservice", "brittonfischer/profileservice@2.1.5"]]
